
Microsoft Visual Studio Solution File, Format Version 12.00
# Visual Studio 15
VisualStudioVersion = 15.0.28307.329
MinimumVisualStudioVersion = 10.0.40219.1
Project("{FAE04EC0-301F-11D3-BF4B-00C04F79EFBC}") = "Company", "Company\Company.csproj", "{F9E19010-DD52-4641-94CA-B9768CE08442}"
EndProject
Global
	GlobalSection(SolutionConfigurationPlatforms) = preSolution
		Debug|Any CPU = Debug|Any CPU
		Release|Any CPU = Release|Any CPU
	EndGlobalSection
	GlobalSection(ProjectConfigurationPlatforms) = postSolution
		{F9E19010-DD52-4641-94CA-B9768CE08442}.Debug|Any CPU.ActiveCfg = Debug|Any CPU
		{F9E19010-DD52-4641-94CA-B9768CE08442}.Debug|Any CPU.Build.0 = Debug|Any CPU
		{F9E19010-DD52-4641-94CA-B9768CE08442}.Release|Any CPU.ActiveCfg = Release|Any CPU
		{F9E19010-DD52-4641-94CA-B9768CE08442}.Release|Any CPU.Build.0 = Release|Any CPU
	EndGlobalSection
	GlobalSection(SolutionProperties) = preSolution
		HideSolutionNode = FALSE
	EndGlobalSection
	GlobalSection(ExtensibilityGlobals) = postSolution
		SolutionGuid = {C9CFCDCC-0183-4128-A5EF-D169B12A1A30}
	EndGlobalSection
EndGlobal
